
Microsoft Visual Studio Solution File, Format Version 12.00
# Visual Studio Version 16
VisualStudioVersion = 16.0.30503.244
MinimumVisualStudioVersion = 10.0.40219.1
Project("{9A19103F-16F7-4668-BE54-9A1E7A4F7556}") = "WebShell", "WebShell.csproj", "{3BD904AE-2A46-436E-BD24-668A9AE14638}"
EndProject
Global
	GlobalSection(SolutionConfigurationPlatforms) = preSolution
		Debug|Any CPU = Debug|Any CPU
		Release|Any CPU = Release|Any CPU
	EndGlobalSection
	GlobalSection(ProjectConfigurationPlatforms) = postSolution
		{3BD904AE-2A46-436E-BD24-668A9AE14638}.Debug|Any CPU.ActiveCfg = Debug|Any CPU
		{3BD904AE-2A46-436E-BD24-668A9AE14638}.Debug|Any CPU.Build.0 = Debug|Any CPU
		{3BD904AE-2A46-436E-BD24-668A9AE14638}.Release|Any CPU.ActiveCfg = Release|Any CPU
		{3BD904AE-2A46-436E-BD24-668A9AE14638}.Release|Any CPU.Build.0 = Release|Any CPU
	EndGlobalSection
	GlobalSection(SolutionProperties) = preSolution
		HideSolutionNode = FALSE
	EndGlobalSection
	GlobalSection(ExtensibilityGlobals) = postSolution
		SolutionGuid = {9E0ECF93-E7BE-495B-B8E3-D4D9BA5C4102}
	EndGlobalSection
EndGlobal
